// !$*UTF8*$!
{
	archiveVersion = 1;
	classes = {
	};
	objectVersion = 51;
	objects = {

/* Begin PBXBuildFile section */
		8E2A1FAF041A0A33668F9315 /* Pods_PrintRuby_PrintRubyUITests.framework in Frameworks */ = {isa = PBXBuildFile; fileRef = 577D0B52E71CAD3A83FF7C0B /* Pods_PrintRuby_PrintRubyUITests.framework */; };
		9171C6FD9BD05DFDFD423ABB /* Pods_PrintRuby.framework in Frameworks */ = {isa = PBXBuildFile; fileRef = 7028E4F6AB2D66ADEB2CEF33 /* Pods_PrintRuby.framework */; };
		B693ECDB23C9B57D00B9B847 /* AppDelegate.swift in Sources */ = {isa = PBXBuildFile; fileRef = B693ECDA23C9B57D00B9B847 /* AppDelegate.swift */; };
		B693ECE223C9B58500B9B847 /* Assets.xcassets in Resources */ = {isa = PBXBuildFile; fileRef = B693ECE123C9B58500B9B847 /* Assets.xcassets */; };
		B693ECE523C9B58500B9B847 /* LaunchScreen.storyboard in Resources */ = {isa = PBXBuildFile; fileRef = B693ECE323C9B58500B9B847 /* LaunchScreen.storyboard */; };
		B693ECF023C9B58500B9B847 /* PrintRubyTests.swift in Sources */ = {isa = PBXBuildFile; fileRef = B693ECEF23C9B58500B9B847 /* PrintRubyTests.swift */; };
		B693ECFB23C9B58500B9B847 /* PrintRubyUITests.swift in Sources */ = {isa = PBXBuildFile; fileRef = B693ECFA23C9B58500B9B847 /* PrintRubyUITests.swift */; };
		B6B7805D23CAEC570024138C /* InputStringView.storyboard in Resources */ = {isa = PBXBuildFile; fileRef = B6B7805C23CAEC570024138C /* InputStringView.storyboard */; };
		B6B7806123CAFAD60024138C /* CustomTextView.swift in Sources */ = {isa = PBXBuildFile; fileRef = B6B7806023CAFAD60024138C /* CustomTextView.swift */; };
		B6B7806323CAFB900024138C /* InputStringViewController.swift in Sources */ = {isa = PBXBuildFile; fileRef = B6B7806223CAFB900024138C /* InputStringViewController.swift */; };
		B6B7806523CB0E1D0024138C /* ShowRubyView.storyboard in Resources */ = {isa = PBXBuildFile; fileRef = B6B7806423CB0E1D0024138C /* ShowRubyView.storyboard */; };
		B6B7806723CB11590024138C /* CustomButton.swift in Sources */ = {isa = PBXBuildFile; fileRef = B6B7806623CB11590024138C /* CustomButton.swift */; };
		B6B7806923CB18F50024138C /* ShowRubyViewController.swift in Sources */ = {isa = PBXBuildFile; fileRef = B6B7806823CB18F50024138C /* ShowRubyViewController.swift */; };
		B6B7806B23CB1AB10024138C /* Main.storyboard in Resources */ = {isa = PBXBuildFile; fileRef = B6B7806A23CB1AB10024138C /* Main.storyboard */; };
		B6B7806D23CB4C050024138C /* InputStringTableViewCell.swift in Sources */ = {isa = PBXBuildFile; fileRef = B6B7806C23CB4C050024138C /* InputStringTableViewCell.swift */; };
		B6F3CAD923CA14C800366A8C /* R.generated.swift in Sources */ = {isa = PBXBuildFile; fileRef = B6F3CAD823CA14C800366A8C /* R.generated.swift */; };
		C7712F6C287AF74783104209 /* Pods_PrintRubyTests.framework in Frameworks */ = {isa = PBXBuildFile; fileRef = 92CF35D5FE8C7C093A472CBB /* Pods_PrintRubyTests.framework */; };
/* End PBXBuildFile section */

/* Begin PBXContainerItemProxy section */
		B693ECEC23C9B58500B9B847 /* PBXContainerItemProxy */ = {
			isa = PBXContainerItemProxy;
			containerPortal = B693ECCF23C9B57D00B9B847 /* Project object */;
			proxyType = 1;
			remoteGlobalIDString = B693ECD623C9B57D00B9B847;
			remoteInfo = PrintRuby;
		};
		B693ECF723C9B58500B9B847 /* PBXContainerItemProxy */ = {
			isa = PBXContainerItemProxy;
			containerPortal = B693ECCF23C9B57D00B9B847 /* Project object */;
			proxyType = 1;
			remoteGlobalIDString = B693ECD623C9B57D00B9B847;
			remoteInfo = PrintRuby;
		};
/* End PBXContainerItemProxy section */

/* Begin PBXFileReference section */
		19755B2C75605B5C8241928C /* Pods-PrintRuby.debug.xcconfig */ = {isa = PBXFileReference; includeInIndex = 1; lastKnownFileType = text.xcconfig; name = "Pods-PrintRuby.debug.xcconfig"; path = "Target Support Files/Pods-PrintRuby/Pods-PrintRuby.debug.xcconfig"; sourceTree = "<group>"; };
		2F56CBD77C36E7C303EBC9F3 /* Pods-PrintRuby.release.xcconfig */ = {isa = PBXFileReference; includeInIndex = 1; lastKnownFileType = text.xcconfig; name = "Pods-PrintRuby.release.xcconfig"; path = "Target Support Files/Pods-PrintRuby/Pods-PrintRuby.release.xcconfig"; sourceTree = "<group>"; };
		577D0B52E71CAD3A83FF7C0B /* Pods_PrintRuby_PrintRubyUITests.framework */ = {isa = PBXFileReference; explicitFileType = wrapper.framework; includeInIndex = 0; path = Pods_PrintRuby_PrintRubyUITests.framework; sourceTree = BUILT_PRODUCTS_DIR; };
		62CC55198B3FB41B5C32D93E /* Pods-PrintRuby-PrintRubyUITests.debug.xcconfig */ = {isa = PBXFileReference; includeInIndex = 1; lastKnownFileType = text.xcconfig; name = "Pods-PrintRuby-PrintRubyUITests.debug.xcconfig"; path = "Target Support Files/Pods-PrintRuby-PrintRubyUITests/Pods-PrintRuby-PrintRubyUITests.debug.xcconfig"; sourceTree = "<group>"; };
		7028E4F6AB2D66ADEB2CEF33 /* Pods_PrintRuby.framework */ = {isa = PBXFileReference; explicitFileType = wrapper.framework; includeInIndex = 0; path = Pods_PrintRuby.framework; sourceTree = BUILT_PRODUCTS_DIR; };
		7F926C3FEF27476247F52C7A /* Pods-PrintRubyTests.release.xcconfig */ = {isa = PBXFileReference; includeInIndex = 1; lastKnownFileType = text.xcconfig; name = "Pods-PrintRubyTests.release.xcconfig"; path = "Target Support Files/Pods-PrintRubyTests/Pods-PrintRubyTests.release.xcconfig"; sourceTree = "<group>"; };
		8D6B00829F4AD6C90A026780 /* Pods-PrintRuby-PrintRubyUITests.release.xcconfig */ = {isa = PBXFileReference; includeInIndex = 1; lastKnownFileType = text.xcconfig; name = "Pods-PrintRuby-PrintRubyUITests.release.xcconfig"; path = "Target Support Files/Pods-PrintRuby-PrintRubyUITests/Pods-PrintRuby-PrintRubyUITests.release.xcconfig"; sourceTree = "<group>"; };
		92CF35D5FE8C7C093A472CBB /* Pods_PrintRubyTests.framework */ = {isa = PBXFileReference; explicitFileType = wrapper.framework; includeInIndex = 0; path = Pods_PrintRubyTests.framework; sourceTree = BUILT_PRODUCTS_DIR; };
		9BEBF994AB1ED95890DDF5E6 /* Pods-PrintRubyTests.debug.xcconfig */ = {isa = PBXFileReference; includeInIndex = 1; lastKnownFileType = text.xcconfig; name = "Pods-PrintRubyTests.debug.xcconfig"; path = "Target Support Files/Pods-PrintRubyTests/Pods-PrintRubyTests.debug.xcconfig"; sourceTree = "<group>"; };
		B693ECD723C9B57D00B9B847 /* PrintRuby.app */ = {isa = PBXFileReference; explicitFileType = wrapper.application; includeInIndex = 0; path = PrintRuby.app; sourceTree = BUILT_PRODUCTS_DIR; };
		B693ECDA23C9B57D00B9B847 /* AppDelegate.swift */ = {isa = PBXFileReference; lastKnownFileType = sourcecode.swift; path = AppDelegate.swift; sourceTree = "<group>"; };
		B693ECE123C9B58500B9B847 /* Assets.xcassets */ = {isa = PBXFileReference; lastKnownFileType = folder.assetcatalog; path = Assets.xcassets; sourceTree = "<group>"; };
		B693ECE423C9B58500B9B847 /* Base */ = {isa = PBXFileReference; lastKnownFileType = file.storyboard; name = Base; path = Base.lproj/LaunchScreen.storyboard; sourceTree = "<group>"; };
		B693ECE623C9B58500B9B847 /* Info.plist */ = {isa = PBXFileReference; lastKnownFileType = text.plist.xml; path = Info.plist; sourceTree = "<group>"; };
		B693ECEB23C9B58500B9B847 /* PrintRubyTests.xctest */ = {isa = PBXFileReference; explicitFileType = wrapper.cfbundle; includeInIndex = 0; path = PrintRubyTests.xctest; sourceTree = BUILT_PRODUCTS_DIR; };
		B693ECEF23C9B58500B9B847 /* PrintRubyTests.swift */ = {isa = PBXFileReference; lastKnownFileType = sourcecode.swift; path = PrintRubyTests.swift; sourceTree = "<group>"; };
		B693ECF123C9B58500B9B847 /* Info.plist */ = {isa = PBXFileReference; lastKnownFileType = text.plist.xml; path = Info.plist; sourceTree = "<group>"; };
		B693ECF623C9B58500B9B847 /* PrintRubyUITests.xctest */ = {isa = PBXFileReference; explicitFileType = wrapper.cfbundle; includeInIndex = 0; path = PrintRubyUITests.xctest; sourceTree = BUILT_PRODUCTS_DIR; };
		B693ECFA23C9B58500B9B847 /* PrintRubyUITests.swift */ = {isa = PBXFileReference; lastKnownFileType = sourcecode.swift; path = PrintRubyUITests.swift; sourceTree = "<group>"; };
		B693ECFC23C9B58500B9B847 /* Info.plist */ = {isa = PBXFileReference; lastKnownFileType = text.plist.xml; path = Info.plist; sourceTree = "<group>"; };
		B6B7805C23CAEC570024138C /* InputStringView.storyboard */ = {isa = PBXFileReference; lastKnownFileType = file.storyboard; path = InputStringView.storyboard; sourceTree = "<group>"; };
		B6B7806023CAFAD60024138C /* CustomTextView.swift */ = {isa = PBXFileReference; lastKnownFileType = sourcecode.swift; path = CustomTextView.swift; sourceTree = "<group>"; };
		B6B7806223CAFB900024138C /* InputStringViewController.swift */ = {isa = PBXFileReference; lastKnownFileType = sourcecode.swift; path = InputStringViewController.swift; sourceTree = "<group>"; };
		B6B7806423CB0E1D0024138C /* ShowRubyView.storyboard */ = {isa = PBXFileReference; lastKnownFileType = file.storyboard; path = ShowRubyView.storyboard; sourceTree = "<group>"; };
		B6B7806623CB11590024138C /* CustomButton.swift */ = {isa = PBXFileReference; lastKnownFileType = sourcecode.swift; path = CustomButton.swift; sourceTree = "<group>"; };
		B6B7806823CB18F50024138C /* ShowRubyViewController.swift */ = {isa = PBXFileReference; lastKnownFileType = sourcecode.swift; path = ShowRubyViewController.swift; sourceTree = "<group>"; };
		B6B7806A23CB1AB10024138C /* Main.storyboard */ = {isa = PBXFileReference; lastKnownFileType = file.storyboard; path = Main.storyboard; sourceTree = "<group>"; };
		B6B7806C23CB4C050024138C /* InputStringTableViewCell.swift */ = {isa = PBXFileReference; lastKnownFileType = sourcecode.swift; path = InputStringTableViewCell.swift; sourceTree = "<group>"; };
		B6F3CAD823CA14C800366A8C /* R.generated.swift */ = {isa = PBXFileReference; fileEncoding = 4; lastKnownFileType = sourcecode.swift; path = R.generated.swift; sourceTree = "<group>"; };
/* End PBXFileReference section */

/* Begin PBXFrameworksBuildPhase section */
		B693ECD423C9B57D00B9B847 /* Frameworks */ = {
			isa = PBXFrameworksBuildPhase;
			buildActionMask = 2147483647;
			files = (
				9171C6FD9BD05DFDFD423ABB /* Pods_PrintRuby.framework in Frameworks */,
			);
			runOnlyForDeploymentPostprocessing = 0;
		};
		B693ECE823C9B58500B9B847 /* Frameworks */ = {
			isa = PBXFrameworksBuildPhase;
			buildActionMask = 2147483647;
			files = (
				C7712F6C287AF74783104209 /* Pods_PrintRubyTests.framework in Frameworks */,
			);
			runOnlyForDeploymentPostprocessing = 0;
		};
		B693ECF323C9B58500B9B847 /* Frameworks */ = {
			isa = PBXFrameworksBuildPhase;
			buildActionMask = 2147483647;
			files = (
				8E2A1FAF041A0A33668F9315 /* Pods_PrintRuby_PrintRubyUITests.framework in Frameworks */,
			);
			runOnlyForDeploymentPostprocessing = 0;
		};
/* End PBXFrameworksBuildPhase section */

/* Begin PBXGroup section */
		2C4BF31BB70E5D003341B962 /* Pods */ = {
			isa = PBXGroup;
			children = (
				19755B2C75605B5C8241928C /* Pods-PrintRuby.debug.xcconfig */,
				2F56CBD77C36E7C303EBC9F3 /* Pods-PrintRuby.release.xcconfig */,
				62CC55198B3FB41B5C32D93E /* Pods-PrintRuby-PrintRubyUITests.debug.xcconfig */,
				8D6B00829F4AD6C90A026780 /* Pods-PrintRuby-PrintRubyUITests.release.xcconfig */,
				9BEBF994AB1ED95890DDF5E6 /* Pods-PrintRubyTests.debug.xcconfig */,
				7F926C3FEF27476247F52C7A /* Pods-PrintRubyTests.release.xcconfig */,
			);
			path = Pods;
			sourceTree = "<group>";
		};
		B693ECCE23C9B57D00B9B847 = {
			isa = PBXGroup;
			children = (
				B6F3CAD823CA14C800366A8C /* R.generated.swift */,
				B693ECD923C9B57D00B9B847 /* PrintRuby */,
				B693ECEE23C9B58500B9B847 /* PrintRubyTests */,
				B693ECF923C9B58500B9B847 /* PrintRubyUITests */,
				B693ECD823C9B57D00B9B847 /* Products */,
				2C4BF31BB70E5D003341B962 /* Pods */,
				E5DDB6CC6180E886C82DEAF7 /* Frameworks */,
			);
			sourceTree = "<group>";
		};
		B693ECD823C9B57D00B9B847 /* Products */ = {
			isa = PBXGroup;
			children = (
				B693ECD723C9B57D00B9B847 /* PrintRuby.app */,
				B693ECEB23C9B58500B9B847 /* PrintRubyTests.xctest */,
				B693ECF623C9B58500B9B847 /* PrintRubyUITests.xctest */,
			);
			name = Products;
			sourceTree = "<group>";
		};
		B693ECD923C9B57D00B9B847 /* PrintRuby */ = {
			isa = PBXGroup;
			children = (
				B6B7805E23CAFA850024138C /* Common */,
				B693ED0A23C9F99900B9B847 /* ViewModel */,
				B693ED0923C9F98F00B9B847 /* ViewController */,
				B693ED0823C9F97F00B9B847 /* View */,
				B693ECDA23C9B57D00B9B847 /* AppDelegate.swift */,
				B693ECE123C9B58500B9B847 /* Assets.xcassets */,
				B693ECE323C9B58500B9B847 /* LaunchScreen.storyboard */,
				B693ECE623C9B58500B9B847 /* Info.plist */,
			);
			path = PrintRuby;
			sourceTree = "<group>";
		};
		B693ECEE23C9B58500B9B847 /* PrintRubyTests */ = {
			isa = PBXGroup;
			children = (
				B693ECEF23C9B58500B9B847 /* PrintRubyTests.swift */,
				B693ECF123C9B58500B9B847 /* Info.plist */,
			);
			path = PrintRubyTests;
			sourceTree = "<group>";
		};
		B693ECF923C9B58500B9B847 /* PrintRubyUITests */ = {
			isa = PBXGroup;
			children = (
				B693ECFA23C9B58500B9B847 /* PrintRubyUITests.swift */,
				B693ECFC23C9B58500B9B847 /* Info.plist */,
			);
			path = PrintRubyUITests;
			sourceTree = "<group>";
		};
		B693ED0823C9F97F00B9B847 /* View */ = {
			isa = PBXGroup;
			children = (
				B6B7806A23CB1AB10024138C /* Main.storyboard */,
				B6B7805C23CAEC570024138C /* InputStringView.storyboard */,
				B6B7806423CB0E1D0024138C /* ShowRubyView.storyboard */,
			);
			path = View;
			sourceTree = "<group>";
		};
		B693ED0923C9F98F00B9B847 /* ViewController */ = {
			isa = PBXGroup;
			children = (
				B6B7806223CAFB900024138C /* InputStringViewController.swift */,
				B6B7806C23CB4C050024138C /* InputStringTableViewCell.swift */,
				B6B7806823CB18F50024138C /* ShowRubyViewController.swift */,
			);
			path = ViewController;
			sourceTree = "<group>";
		};
		B693ED0A23C9F99900B9B847 /* ViewModel */ = {
			isa = PBXGroup;
			children = (
			);
			path = ViewModel;
			sourceTree = "<group>";
		};
		B6B7805E23CAFA850024138C /* Common */ = {
			isa = PBXGroup;
			children = (
				B6B7805F23CAFAB60024138C /* CustomUI */,
			);
			path = Common;
			sourceTree = "<group>";
		};
		B6B7805F23CAFAB60024138C /* CustomUI */ = {
			isa = PBXGroup;
			children = (
				B6B7806023CAFAD60024138C /* CustomTextView.swift */,
				B6B7806623CB11590024138C /* CustomButton.swift */,
			);
			path = CustomUI;
			sourceTree = "<group>";
		};
		E5DDB6CC6180E886C82DEAF7 /* Frameworks */ = {
			isa = PBXGroup;
			children = (
				7028E4F6AB2D66ADEB2CEF33 /* Pods_PrintRuby.framework */,
				577D0B52E71CAD3A83FF7C0B /* Pods_PrintRuby_PrintRubyUITests.framework */,
				92CF35D5FE8C7C093A472CBB /* Pods_PrintRubyTests.framework */,
			);
			name = Frameworks;
			sourceTree = "<group>";
		};
/* End PBXGroup section */

/* Begin PBXNativeTarget section */
		B693ECD623C9B57D00B9B847 /* PrintRuby */ = {
			isa = PBXNativeTarget;
			buildConfigurationList = B693ECFF23C9B58500B9B847 /* Build configuration list for PBXNativeTarget "PrintRuby" */;
			buildPhases = (
				4A840DFE1D5CEB73674EC12F /* [CP] Check Pods Manifest.lock */,
				B6F3CAD723CA136700366A8C /* ShellScript */,
				B693ECD323C9B57D00B9B847 /* Sources */,
				B693ECD423C9B57D00B9B847 /* Frameworks */,
				B693ECD523C9B57D00B9B847 /* Resources */,
				6FE1BAFF13218CCCEAF6A3E1 /* [CP] Embed Pods Frameworks */,
			);
			buildRules = (
			);
			dependencies = (
			);
			name = PrintRuby;
			productName = PrintRuby;
			productReference = B693ECD723C9B57D00B9B847 /* PrintRuby.app */;
			productType = "com.apple.product-type.application";
		};
		B693ECEA23C9B58500B9B847 /* PrintRubyTests */ = {
			isa = PBXNativeTarget;
			buildConfigurationList = B693ED0223C9B58500B9B847 /* Build configuration list for PBXNativeTarget "PrintRubyTests" */;
			buildPhases = (
				F42DEB1C2710E34E336E2196 /* [CP] Check Pods Manifest.lock */,
				B693ECE723C9B58500B9B847 /* Sources */,
				B693ECE823C9B58500B9B847 /* Frameworks */,
				B693ECE923C9B58500B9B847 /* Resources */,
			);
			buildRules = (
			);
			dependencies = (
				B693ECED23C9B58500B9B847 /* PBXTargetDependency */,
			);
			name = PrintRubyTests;
			productName = PrintRubyTests;
			productReference = B693ECEB23C9B58500B9B847 /* PrintRubyTests.xctest */;
			productType = "com.apple.product-type.bundle.unit-test";
		};
		B693ECF523C9B58500B9B847 /* PrintRubyUITests */ = {
			isa = PBXNativeTarget;
			buildConfigurationList = B693ED0523C9B58500B9B847 /* Build configuration list for PBXNativeTarget "PrintRubyUITests" */;
			buildPhases = (
				92729172F72F144E6D9CB721 /* [CP] Check Pods Manifest.lock */,
				B693ECF223C9B58500B9B847 /* Sources */,
				B693ECF323C9B58500B9B847 /* Frameworks */,
				B693ECF423C9B58500B9B847 /* Resources */,
				5EF3DC047B450AE010CEC9AC /* [CP] Embed Pods Frameworks */,
			);
			buildRules = (
			);
			dependencies = (
				B693ECF823C9B58500B9B847 /* PBXTargetDependency */,
			);
			name = PrintRubyUITests;
			productName = PrintRubyUITests;
			productReference = B693ECF623C9B58500B9B847 /* PrintRubyUITests.xctest */;
			productType = "com.apple.product-type.bundle.ui-testing";
		};
/* End PBXNativeTarget section */

/* Begin PBXProject section */
		B693ECCF23C9B57D00B9B847 /* Project object */ = {
			isa = PBXProject;
			attributes = {
				LastSwiftUpdateCheck = 1020;
				LastUpgradeCheck = 1020;
				ORGANIZATIONNAME = fieldin0831;
				TargetAttributes = {
					B693ECD623C9B57D00B9B847 = {
						CreatedOnToolsVersion = 10.2;
					};
					B693ECEA23C9B58500B9B847 = {
						CreatedOnToolsVersion = 10.2;
						TestTargetID = B693ECD623C9B57D00B9B847;
					};
					B693ECF523C9B58500B9B847 = {
						CreatedOnToolsVersion = 10.2;
						TestTargetID = B693ECD623C9B57D00B9B847;
					};
				};
			};
			buildConfigurationList = B693ECD223C9B57D00B9B847 /* Build configuration list for PBXProject "PrintRuby" */;
			compatibilityVersion = "Xcode 9.3";
			developmentRegion = en;
			hasScannedForEncodings = 0;
			knownRegions = (
				en,
				Base,
			);
			mainGroup = B693ECCE23C9B57D00B9B847;
			productRefGroup = B693ECD823C9B57D00B9B847 /* Products */;
			projectDirPath = "";
			projectRoot = "";
			targets = (
				B693ECD623C9B57D00B9B847 /* PrintRuby */,
				B693ECEA23C9B58500B9B847 /* PrintRubyTests */,
				B693ECF523C9B58500B9B847 /* PrintRubyUITests */,
			);
		};
/* End PBXProject section */

/* Begin PBXResourcesBuildPhase section */
		B693ECD523C9B57D00B9B847 /* Resources */ = {
			isa = PBXResourcesBuildPhase;
			buildActionMask = 2147483647;
			files = (
				B6B7806523CB0E1D0024138C /* ShowRubyView.storyboard in Resources */,
				B6B7806B23CB1AB10024138C /* Main.storyboard in Resources */,
				B693ECE523C9B58500B9B847 /* LaunchScreen.storyboard in Resources */,
				B693ECE223C9B58500B9B847 /* Assets.xcassets in Resources */,
				B6B7805D23CAEC570024138C /* InputStringView.storyboard in Resources */,
			);
			runOnlyForDeploymentPostprocessing = 0;
		};
		B693ECE923C9B58500B9B847 /* Resources */ = {
			isa = PBXResourcesBuildPhase;
			buildActionMask = 2147483647;
			files = (
			);
			runOnlyForDeploymentPostprocessing = 0;
		};
		B693ECF423C9B58500B9B847 /* Resources */ = {
			isa = PBXResourcesBuildPhase;
			buildActionMask = 2147483647;
			files = (
			);
			runOnlyForDeploymentPostprocessing = 0;
		};
/* End PBXResourcesBuildPhase section */

/* Begin PBXShellScriptBuildPhase section */
		4A840DFE1D5CEB73674EC12F /* [CP] Check Pods Manifest.lock */ = {
			isa = PBXShellScriptBuildPhase;
			buildActionMask = 2147483647;
			files = (
			);
			inputFileListPaths = (
			);
			inputPaths = (
				"${PODS_PODFILE_DIR_PATH}/Podfile.lock",
				"${PODS_ROOT}/Manifest.lock",
			);
			name = "[CP] Check Pods Manifest.lock";
			outputFileListPaths = (
			);
			outputPaths = (
				"$(DERIVED_FILE_DIR)/Pods-PrintRuby-checkManifestLockResult.txt",
			);
			runOnlyForDeploymentPostprocessing = 0;
			shellPath = /bin/sh;
			shellScript = "diff \"${PODS_PODFILE_DIR_PATH}/Podfile.lock\" \"${PODS_ROOT}/Manifest.lock\" > /dev/null\nif [ $? != 0 ] ; then\n    # print error to STDERR\n    echo \"error: The sandbox is not in sync with the Podfile.lock. Run 'pod install' or update your CocoaPods installation.\" >&2\n    exit 1\nfi\n# This output is used by Xcode 'outputs' to avoid re-running this script phase.\necho \"SUCCESS\" > \"${SCRIPT_OUTPUT_FILE_0}\"\n";
			showEnvVarsInLog = 0;
		};
		5EF3DC047B450AE010CEC9AC /* [CP] Embed Pods Frameworks */ = {
			isa = PBXShellScriptBuildPhase;
			buildActionMask = 2147483647;
			files = (
			);
			inputFileListPaths = (
				"${PODS_ROOT}/Target Support Files/Pods-PrintRuby-PrintRubyUITests/Pods-PrintRuby-PrintRubyUITests-frameworks-${CONFIGURATION}-input-files.xcfilelist",
			);
			name = "[CP] Embed Pods Frameworks";
			outputFileListPaths = (
				"${PODS_ROOT}/Target Support Files/Pods-PrintRuby-PrintRubyUITests/Pods-PrintRuby-PrintRubyUITests-frameworks-${CONFIGURATION}-output-files.xcfilelist",
			);
			runOnlyForDeploymentPostprocessing = 0;
			shellPath = /bin/sh;
			shellScript = "\"${PODS_ROOT}/Target Support Files/Pods-PrintRuby-PrintRubyUITests/Pods-PrintRuby-PrintRubyUITests-frameworks.sh\"\n";
			showEnvVarsInLog = 0;
		};
		6FE1BAFF13218CCCEAF6A3E1 /* [CP] Embed Pods Frameworks */ = {
			isa = PBXShellScriptBuildPhase;
			buildActionMask = 2147483647;
			files = (
			);
			inputFileListPaths = (
				"${PODS_ROOT}/Target Support Files/Pods-PrintRuby/Pods-PrintRuby-frameworks-${CONFIGURATION}-input-files.xcfilelist",
			);
			name = "[CP] Embed Pods Frameworks";
			outputFileListPaths = (
				"${PODS_ROOT}/Target Support Files/Pods-PrintRuby/Pods-PrintRuby-frameworks-${CONFIGURATION}-output-files.xcfilelist",
			);
			runOnlyForDeploymentPostprocessing = 0;
			shellPath = /bin/sh;
			shellScript = "\"${PODS_ROOT}/Target Support Files/Pods-PrintRuby/Pods-PrintRuby-frameworks.sh\"\n";
			showEnvVarsInLog = 0;
		};
		92729172F72F144E6D9CB721 /* [CP] Check Pods Manifest.lock */ = {
			isa = PBXShellScriptBuildPhase;
			buildActionMask = 2147483647;
			files = (
			);
			inputFileListPaths = (
			);
			inputPaths = (
				"${PODS_PODFILE_DIR_PATH}/Podfile.lock",
				"${PODS_ROOT}/Manifest.lock",
			);
			name = "[CP] Check Pods Manifest.lock";
			outputFileListPaths = (
			);
			outputPaths = (
				"$(DERIVED_FILE_DIR)/Pods-PrintRuby-PrintRubyUITests-checkManifestLockResult.txt",
			);
			runOnlyForDeploymentPostprocessing = 0;
			shellPath = /bin/sh;
			shellScript = "diff \"${PODS_PODFILE_DIR_PATH}/Podfile.lock\" \"${PODS_ROOT}/Manifest.lock\" > /dev/null\nif [ $? != 0 ] ; then\n    # print error to STDERR\n    echo \"error: The sandbox is not in sync with the Podfile.lock. Run 'pod install' or update your CocoaPods installation.\" >&2\n    exit 1\nfi\n# This output is used by Xcode 'outputs' to avoid re-running this script phase.\necho \"SUCCESS\" > \"${SCRIPT_OUTPUT_FILE_0}\"\n";
			showEnvVarsInLog = 0;
		};
		B6F3CAD723CA136700366A8C /* ShellScript */ = {
			isa = PBXShellScriptBuildPhase;
			buildActionMask = 2147483647;
			files = (
			);
			inputFileListPaths = (
			);
			inputPaths = (
				"$TEMP_DIR/rswift-lastrun",
			);
			outputFileListPaths = (
			);
			outputPaths = (
				$SRCROOT/R.generated.swift,
			);
			runOnlyForDeploymentPostprocessing = 0;
			shellPath = /bin/sh;
			shellScript = "\"$PODS_ROOT/R.swift/rswift\" generate \"$SRCROOT/R.generated.swift\"\n";
		};
		F42DEB1C2710E34E336E2196 /* [CP] Check Pods Manifest.lock */ = {
			isa = PBXShellScriptBuildPhase;
			buildActionMask = 2147483647;
			files = (
			);
			inputFileListPaths = (
			);
			inputPaths = (
				"${PODS_PODFILE_DIR_PATH}/Podfile.lock",
				"${PODS_ROOT}/Manifest.lock",
			);
			name = "[CP] Check Pods Manifest.lock";
			outputFileListPaths = (
			);
			outputPaths = (
				"$(DERIVED_FILE_DIR)/Pods-PrintRubyTests-checkManifestLockResult.txt",
			);
			runOnlyForDeploymentPostprocessing = 0;
			shellPath = /bin/sh;
			shellScript = "diff \"${PODS_PODFILE_DIR_PATH}/Podfile.lock\" \"${PODS_ROOT}/Manifest.lock\" > /dev/null\nif [ $? != 0 ] ; then\n    # print error to STDERR\n    echo \"error: The sandbox is not in sync with the Podfile.lock. Run 'pod install' or update your CocoaPods installation.\" >&2\n    exit 1\nfi\n# This output is used by Xcode 'outputs' to avoid re-running this script phase.\necho \"SUCCESS\" > \"${SCRIPT_OUTPUT_FILE_0}\"\n";
			showEnvVarsInLog = 0;
		};
/* End PBXShellScriptBuildPhase section */

/* Begin PBXSourcesBuildPhase section */
		B693ECD323C9B57D00B9B847 /* Sources */ = {
			isa = PBXSourcesBuildPhase;
			buildActionMask = 2147483647;
			files = (
				B6B7806923CB18F50024138C /* ShowRubyViewController.swift in Sources */,
				B693ECDB23C9B57D00B9B847 /* AppDelegate.swift in Sources */,
				B6B7806723CB11590024138C /* CustomButton.swift in Sources */,
				B6B7806D23CB4C050024138C /* InputStringTableViewCell.swift in Sources */,
				B6B7806123CAFAD60024138C /* CustomTextView.swift in Sources */,
				B6B7806323CAFB900024138C /* InputStringViewController.swift in Sources */,
				B6F3CAD923CA14C800366A8C /* R.generated.swift in Sources */,
			);
			runOnlyForDeploymentPostprocessing = 0;
		};
		B693ECE723C9B58500B9B847 /* Sources */ = {
			isa = PBXSourcesBuildPhase;
			buildActionMask = 2147483647;
			files = (
				B693ECF023C9B58500B9B847 /* PrintRubyTests.swift in Sources */,
			);
			runOnlyForDeploymentPostprocessing = 0;
		};
		B693ECF223C9B58500B9B847 /* Sources */ = {
			isa = PBXSourcesBuildPhase;
			buildActionMask = 2147483647;
			files = (
				B693ECFB23C9B58500B9B847 /* PrintRubyUITests.swift in Sources */,
			);
			runOnlyForDeploymentPostprocessing = 0;
		};
/* End PBXSourcesBuildPhase section */

/* Begin PBXTargetDependency section */
		B693ECED23C9B58500B9B847 /* PBXTargetDependency */ = {
			isa = PBXTargetDependency;
			target = B693ECD623C9B57D00B9B847 /* PrintRuby */;
			targetProxy = B693ECEC23C9B58500B9B847 /* PBXContainerItemProxy */;
		};
		B693ECF823C9B58500B9B847 /* PBXTargetDependency */ = {
			isa = PBXTargetDependency;
			target = B693ECD623C9B57D00B9B847 /* PrintRuby */;
			targetProxy = B693ECF723C9B58500B9B847 /* PBXContainerItemProxy */;
		};
/* End PBXTargetDependency section */

/* Begin PBXVariantGroup section */
		B693ECE323C9B58500B9B847 /* LaunchScreen.storyboard */ = {
			isa = PBXVariantGroup;
			children = (
				B693ECE423C9B58500B9B847 /* Base */,
			);
			name = LaunchScreen.storyboard;
			sourceTree = "<group>";
		};
/* End PBXVariantGroup section */

/* Begin XCBuildConfiguration section */
		B693ECFD23C9B58500B9B847 /* Debug */ = {
			isa = XCBuildConfiguration;
			buildSettings = {
				ALWAYS_SEARCH_USER_PATHS = NO;
				CLANG_ANALYZER_NONNULL = YES;
				CLANG_ANALYZER_NUMBER_OBJECT_CONVERSION = YES_AGGRESSIVE;
				CLANG_CXX_LANGUAGE_STANDARD = "gnu++14";
				CLANG_CXX_LIBRARY = "libc++";
				CLANG_ENABLE_MODULES = YES;
				CLANG_ENABLE_OBJC_ARC = YES;
				CLANG_ENABLE_OBJC_WEAK = YES;
				CLANG_WARN_BLOCK_CAPTURE_AUTORELEASING = YES;
				CLANG_WARN_BOOL_CONVERSION = YES;
				CLANG_WARN_COMMA = YES;
				CLANG_WARN_CONSTANT_CONVERSION = YES;
				CLANG_WARN_DEPRECATED_OBJC_IMPLEMENTATIONS = YES;
				CLANG_WARN_DIRECT_OBJC_ISA_USAGE = YES_ERROR;
				CLANG_WARN_DOCUMENTATION_COMMENTS = YES;
				CLANG_WARN_EMPTY_BODY = YES;
				CLANG_WARN_ENUM_CONVERSION = YES;
				CLANG_WARN_INFINITE_RECURSION = YES;
				CLANG_WARN_INT_CONVERSION = YES;
				CLANG_WARN_NON_LITERAL_NULL_CONVERSION = YES;
				CLANG_WARN_OBJC_IMPLICIT_RETAIN_SELF = YES;
				CLANG_WARN_OBJC_LITERAL_CONVERSION = YES;
				CLANG_WARN_OBJC_ROOT_CLASS = YES_ERROR;
				CLANG_WARN_RANGE_LOOP_ANALYSIS = YES;
				CLANG_WARN_STRICT_PROTOTYPES = YES;
				CLANG_WARN_SUSPICIOUS_MOVE = YES;
				CLANG_WARN_UNGUARDED_AVAILABILITY = YES_AGGRESSIVE;
				CLANG_WARN_UNREACHABLE_CODE = YES;
				CLANG_WARN__DUPLICATE_METHOD_MATCH = YES;
				CODE_SIGN_IDENTITY = "iPhone Developer";
				COPY_PHASE_STRIP = NO;
				DEBUG_INFORMATION_FORMAT = dwarf;
				ENABLE_STRICT_OBJC_MSGSEND = YES;
				ENABLE_TESTABILITY = YES;
				GCC_C_LANGUAGE_STANDARD = gnu11;
				GCC_DYNAMIC_NO_PIC = NO;
				GCC_NO_COMMON_BLOCKS = YES;
				GCC_OPTIMIZATION_LEVEL = 0;
				GCC_PREPROCESSOR_DEFINITIONS = (
					"DEBUG=1",
					"$(inherited)",
				);
				GCC_WARN_64_TO_32_BIT_CONVERSION = YES;
				GCC_WARN_ABOUT_RETURN_TYPE = YES_ERROR;
				GCC_WARN_UNDECLARED_SELECTOR = YES;
				GCC_WARN_UNINITIALIZED_AUTOS = YES_AGGRESSIVE;
				GCC_WARN_UNUSED_FUNCTION = YES;
				GCC_WARN_UNUSED_VARIABLE = YES;
				IPHONEOS_DEPLOYMENT_TARGET = 12.2;
				MTL_ENABLE_DEBUG_INFO = INCLUDE_SOURCE;
				MTL_FAST_MATH = YES;
				ONLY_ACTIVE_ARCH = YES;
				SDKROOT = iphoneos;
				SWIFT_ACTIVE_COMPILATION_CONDITIONS = DEBUG;
				SWIFT_OPTIMIZATION_LEVEL = "-Onone";
			};
			name = Debug;
		};
		B693ECFE23C9B58500B9B847 /* Release */ = {
			isa = XCBuildConfiguration;
			buildSettings = {
				ALWAYS_SEARCH_USER_PATHS = NO;
				CLANG_ANALYZER_NONNULL = YES;
				CLANG_ANALYZER_NUMBER_OBJECT_CONVERSION = YES_AGGRESSIVE;
				CLANG_CXX_LANGUAGE_STANDARD = "gnu++14";
				CLANG_CXX_LIBRARY = "libc++";
				CLANG_ENABLE_MODULES = YES;
				CLANG_ENABLE_OBJC_ARC = YES;
				CLANG_ENABLE_OBJC_WEAK = YES;
				CLANG_WARN_BLOCK_CAPTURE_AUTORELEASING = YES;
				CLANG_WARN_BOOL_CONVERSION = YES;
				CLANG_WARN_COMMA = YES;
				CLANG_WARN_CONSTANT_CONVERSION = YES;
				CLANG_WARN_DEPRECATED_OBJC_IMPLEMENTATIONS = YES;
				CLANG_WARN_DIRECT_OBJC_ISA_USAGE = YES_ERROR;
				CLANG_WARN_DOCUMENTATION_COMMENTS = YES;
				CLANG_WARN_EMPTY_BODY = YES;
				CLANG_WARN_ENUM_CONVERSION = YES;
				CLANG_WARN_INFINITE_RECURSION = YES;
				CLANG_WARN_INT_CONVERSION = YES;
				CLANG_WARN_NON_LITERAL_NULL_CONVERSION = YES;
				CLANG_WARN_OBJC_IMPLICIT_RETAIN_SELF = YES;
				CLANG_WARN_OBJC_LITERAL_CONVERSION = YES;
				CLANG_WARN_OBJC_ROOT_CLASS = YES_ERROR;
				CLANG_WARN_RANGE_LOOP_ANALYSIS = YES;
				CLANG_WARN_STRICT_PROTOTYPES = YES;
				CLANG_WARN_SUSPICIOUS_MOVE = YES;
				CLANG_WARN_UNGUARDED_AVAILABILITY = YES_AGGRESSIVE;
				CLANG_WARN_UNREACHABLE_CODE = YES;
				CLANG_WARN__DUPLICATE_METHOD_MATCH = YES;
				CODE_SIGN_IDENTITY = "iPhone Developer";
				COPY_PHASE_STRIP = NO;
				DEBUG_INFORMATION_FORMAT = "dwarf-with-dsym";
				ENABLE_NS_ASSERTIONS = NO;
				ENABLE_STRICT_OBJC_MSGSEND = YES;
				GCC_C_LANGUAGE_STANDARD = gnu11;
				GCC_NO_COMMON_BLOCKS = YES;
				GCC_WARN_64_TO_32_BIT_CONVERSION = YES;
				GCC_WARN_ABOUT_RETURN_TYPE = YES_ERROR;
				GCC_WARN_UNDECLARED_SELECTOR = YES;
				GCC_WARN_UNINITIALIZED_AUTOS = YES_AGGRESSIVE;
				GCC_WARN_UNUSED_FUNCTION = YES;
				GCC_WARN_UNUSED_VARIABLE = YES;
				IPHONEOS_DEPLOYMENT_TARGET = 12.2;
				MTL_ENABLE_DEBUG_INFO = NO;
				MTL_FAST_MATH = YES;
				SDKROOT = iphoneos;
				SWIFT_COMPILATION_MODE = wholemodule;
				SWIFT_OPTIMIZATION_LEVEL = "-O";
				VALIDATE_PRODUCT = YES;
			};
			name = Release;
		};
		B693ED0023C9B58500B9B847 /* Debug */ = {
			isa = XCBuildConfiguration;
			baseConfigurationReference = 19755B2C75605B5C8241928C /* Pods-PrintRuby.debug.xcconfig */;
			buildSettings = {
				ASSETCATALOG_COMPILER_APPICON_NAME = AppIcon;
				CODE_SIGN_STYLE = Automatic;
				INFOPLIST_FILE = PrintRuby/Info.plist;
				IPHONEOS_DEPLOYMENT_TARGET = 12.0;
				LD_RUNPATH_SEARCH_PATHS = (
					"$(inherited)",
					"@executable_path/Frameworks",
				);
				PRODUCT_BUNDLE_IDENTIFIER = pr.fieldin0831.PrintRuby;
				PRODUCT_NAME = "$(TARGET_NAME)";
				SWIFT_VERSION = 5.0;
				TARGETED_DEVICE_FAMILY = "1,2";
			};
			name = Debug;
		};
		B693ED0123C9B58500B9B847 /* Release */ = {
			isa = XCBuildConfiguration;
			baseConfigurationReference = 2F56CBD77C36E7C303EBC9F3 /* Pods-PrintRuby.release.xcconfig */;
			buildSettings = {
				ASSETCATALOG_COMPILER_APPICON_NAME = AppIcon;
				CODE_SIGN_STYLE = Automatic;
				INFOPLIST_FILE = PrintRuby/Info.plist;
				IPHONEOS_DEPLOYMENT_TARGET = 12.0;
				LD_RUNPATH_SEARCH_PATHS = (
					"$(inherited)",
					"@executable_path/Frameworks",
				);
				PRODUCT_BUNDLE_IDENTIFIER = pr.fieldin0831.PrintRuby;
				PRODUCT_NAME = "$(TARGET_NAME)";
				SWIFT_VERSION = 5.0;
				TARGETED_DEVICE_FAMILY = "1,2";
			};
			name = Release;
		};
		B693ED0323C9B58500B9B847 /* Debug */ = {
			isa = XCBuildConfiguration;
			baseConfigurationReference = 9BEBF994AB1ED95890DDF5E6 /* Pods-PrintRubyTests.debug.xcconfig */;
			buildSettings = {
				ALWAYS_EMBED_SWIFT_STANDARD_LIBRARIES = YES;
				BUNDLE_LOADER = "$(TEST_HOST)";
				CODE_SIGN_STYLE = Automatic;
				INFOPLIST_FILE = PrintRubyTests/Info.plist;
				LD_RUNPATH_SEARCH_PATHS = (
					"$(inherited)",
					"@executable_path/Frameworks",
					"@loader_path/Frameworks",
				);
				PRODUCT_BUNDLE_IDENTIFIER = ptf.fieldin0831.PrintRubyTests;
				PRODUCT_NAME = "$(TARGET_NAME)";
				SWIFT_VERSION = 5.0;
				TARGETED_DEVICE_FAMILY = "1,2";
				TEST_HOST = "$(BUILT_PRODUCTS_DIR)/PrintRuby.app/PrintRuby";
			};
			name = Debug;
		};
		B693ED0423C9B58500B9B847 /* Release */ = {
			isa = XCBuildConfiguration;
			baseConfigurationReference = 7F926C3FEF27476247F52C7A /* Pods-PrintRubyTests.release.xcconfig */;
			buildSettings = {
				ALWAYS_EMBED_SWIFT_STANDARD_LIBRARIES = YES;
				BUNDLE_LOADER = "$(TEST_HOST)";
				CODE_SIGN_STYLE = Automatic;
				INFOPLIST_FILE = PrintRubyTests/Info.plist;
				LD_RUNPATH_SEARCH_PATHS = (
					"$(inherited)",
					"@executable_path/Frameworks",
					"@loader_path/Frameworks",
				);
				PRODUCT_BUNDLE_IDENTIFIER = ptf.fieldin0831.PrintRubyTests;
				PRODUCT_NAME = "$(TARGET_NAME)";
				SWIFT_VERSION = 5.0;
				TARGETED_DEVICE_FAMILY = "1,2";
				TEST_HOST = "$(BUILT_PRODUCTS_DIR)/PrintRuby.app/PrintRuby";
			};
			name = Release;
		};
		B693ED0623C9B58500B9B847 /* Debug */ = {
			isa = XCBuildConfiguration;
			baseConfigurationReference = 62CC55198B3FB41B5C32D93E /* Pods-PrintRuby-PrintRubyUITests.debug.xcconfig */;
			buildSettings = {
				ALWAYS_EMBED_SWIFT_STANDARD_LIBRARIES = YES;
				CODE_SIGN_STYLE = Automatic;
				INFOPLIST_FILE = PrintRubyUITests/Info.plist;
				LD_RUNPATH_SEARCH_PATHS = (
					"$(inherited)",
					"@executable_path/Frameworks",
					"@loader_path/Frameworks",
				);
				PRODUCT_BUNDLE_IDENTIFIER = ptf.fieldin0831.PrintRubyUITests;
				PRODUCT_NAME = "$(TARGET_NAME)";
				SWIFT_VERSION = 5.0;
				TARGETED_DEVICE_FAMILY = "1,2";
				TEST_TARGET_NAME = PrintRuby;
			};
			name = Debug;
		};
		B693ED0723C9B58500B9B847 /* Release */ = {
			isa = XCBuildConfiguration;
			baseConfigurationReference = 8D6B00829F4AD6C90A026780 /* Pods-PrintRuby-PrintRubyUITests.release.xcconfig */;
			buildSettings = {
				ALWAYS_EMBED_SWIFT_STANDARD_LIBRARIES = YES;
				CODE_SIGN_STYLE = Automatic;
				INFOPLIST_FILE = PrintRubyUITests/Info.plist;
				LD_RUNPATH_SEARCH_PATHS = (
					"$(inherited)",
					"@executable_path/Frameworks",
					"@loader_path/Frameworks",
				);
				PRODUCT_BUNDLE_IDENTIFIER = ptf.fieldin0831.PrintRubyUITests;
				PRODUCT_NAME = "$(TARGET_NAME)";
				SWIFT_VERSION = 5.0;
				TARGETED_DEVICE_FAMILY = "1,2";
				TEST_TARGET_NAME = PrintRuby;
			};
			name = Release;
		};
/* End XCBuildConfiguration section */

/* Begin XCConfigurationList section */
		B693ECD223C9B57D00B9B847 /* Build configuration list for PBXProject "PrintRuby" */ = {
			isa = XCConfigurationList;
			buildConfigurations = (
				B693ECFD23C9B58500B9B847 /* Debug */,
				B693ECFE23C9B58500B9B847 /* Release */,
			);
			defaultConfigurationIsVisible = 0;
			defaultConfigurationName = Release;
		};
		B693ECFF23C9B58500B9B847 /* Build configuration list for PBXNativeTarget "PrintRuby" */ = {
			isa = XCConfigurationList;
			buildConfigurations = (
				B693ED0023C9B58500B9B847 /* Debug */,
				B693ED0123C9B58500B9B847 /* Release */,
			);
			defaultConfigurationIsVisible = 0;
			defaultConfigurationName = Release;
		};
		B693ED0223C9B58500B9B847 /* Build configuration list for PBXNativeTarget "PrintRubyTests" */ = {
			isa = XCConfigurationList;
			buildConfigurations = (
				B693ED0323C9B58500B9B847 /* Debug */,
				B693ED0423C9B58500B9B847 /* Release */,
			);
			defaultConfigurationIsVisible = 0;
			defaultConfigurationName = Release;
		};
		B693ED0523C9B58500B9B847 /* Build configuration list for PBXNativeTarget "PrintRubyUITests" */ = {
			isa = XCConfigurationList;
			buildConfigurations = (
				B693ED0623C9B58500B9B847 /* Debug */,
				B693ED0723C9B58500B9B847 /* Release */,
			);
			defaultConfigurationIsVisible = 0;
			defaultConfigurationName = Release;
		};
/* End XCConfigurationList section */
	};
	rootObject = B693ECCF23C9B57D00B9B847 /* Project object */;
}
